PODS:
  - CalculatorLibrary (1.2)

DEPENDENCIES:
  - CalculatorLibrary (= 1.2)

SPEC REPOS:
  https://github.com/ayin-dev/CalculatorLibrary.git:
    - CalculatorLibrary

SPEC CHECKSUMS:
  CalculatorLibrary: 9f999567d7e3dfe0534531f66fc32a852bcb6b78

PODFILE CHECKSUM: 3b64d3a48f9504317e1b21740a2a792a1f9c00b1

COCOAPODS: 1.16.2
